// !$*UTF8*$!
{
	archiveVersion = 1;
	classes = {
	};
	objectVersion = 46;
	objects = {

/* Begin PBXBuildFile section */
		5C2343C3CD7EAA9C9EF1F2F3 /* libPods-ContactsApp.a in Frameworks */ = {isa = PBXBuildFile; fileRef = 03920FF9ECA678D846712B34 /* libPods-ContactsApp.a */; };
		6320E91F1BAE3AB400029B8A /* AvatarTableViewCell.swift in Sources */ = {isa = PBXBuildFile; fileRef = 6320E91E1BAE3AB400029B8A /* AvatarTableViewCell.swift */; settings = {ASSET_TAGS = (); }; };
		6320E9261BAE5FF700029B8A /* DisplayContactViewController.swift in Sources */ = {isa = PBXBuildFile; fileRef = 6320E9251BAE5FF700029B8A /* DisplayContactViewController.swift */; settings = {ASSET_TAGS = (); }; };
		63B8F2BA1BAE643400C4C9C8 /* Contacts.framework in Frameworks */ = {isa = PBXBuildFile; fileRef = 63B8F2B91BAE643400C4C9C8 /* Contacts.framework */; };
		AA21630A1BAD9D63000AA4B4 /* AppDelegate.swift in Sources */ = {isa = PBXBuildFile; fileRef = AA2163091BAD9D63000AA4B4 /* AppDelegate.swift */; };
		AA21630C1BAD9D63000AA4B4 /* ViewController.swift in Sources */ = {isa = PBXBuildFile; fileRef = AA21630B1BAD9D63000AA4B4 /* ViewController.swift */; };
		AA2163111BAD9D63000AA4B4 /* Assets.xcassets in Resources */ = {isa = PBXBuildFile; fileRef = AA2163101BAD9D63000AA4B4 /* Assets.xcassets */; };
		AA2163141BAD9D63000AA4B4 /* LaunchScreen.storyboard in Resources */ = {isa = PBXBuildFile; fileRef = AA2163121BAD9D63000AA4B4 /* LaunchScreen.storyboard */; };
		AA21631C1BAD9DB4000AA4B4 /* LocationManager.swift in Sources */ = {isa = PBXBuildFile; fileRef = AA21631B1BAD9DB4000AA4B4 /* LocationManager.swift */; settings = {ASSET_TAGS = (); }; };
		AA6395611BADC43600A60AB4 /* ContactCardViewController.swift in Sources */ = {isa = PBXBuildFile; fileRef = AA6395601BADC43600A60AB4 /* ContactCardViewController.swift */; settings = {ASSET_TAGS = (); }; };
		AA6395681BADD83000A60AB4 /* ContactManager.swift in Sources */ = {isa = PBXBuildFile; fileRef = AA6395671BADD83000A60AB4 /* ContactManager.swift */; settings = {ASSET_TAGS = (); }; };
		AA63956A1BAE47F700A60AB4 /* BackgroundMapViewController.swift in Sources */ = {isa = PBXBuildFile; fileRef = AA6395691BAE47F700A60AB4 /* BackgroundMapViewController.swift */; settings = {ASSET_TAGS = (); }; };
/* End PBXBuildFile section */

/* Begin PBXFileReference section */
		03920FF9ECA678D846712B34 /* libPods-ContactsApp.a */ = {isa = PBXFileReference; explicitFileType = archive.ar; includeInIndex = 0; path = "libPods-ContactsApp.a"; sourceTree = BUILT_PRODUCTS_DIR; };
		6320E91E1BAE3AB400029B8A /* AvatarTableViewCell.swift */ = {isa = PBXFileReference; fileEncoding = 4; lastKnownFileType = sourcecode.swift; path = AvatarTableViewCell.swift; sourceTree = "<group>"; };
		6320E9251BAE5FF700029B8A /* DisplayContactViewController.swift */ = {isa = PBXFileReference; fileEncoding = 4; lastKnownFileType = sourcecode.swift; path = DisplayContactViewController.swift; sourceTree = "<group>"; };
		63B8F2B91BAE643400C4C9C8 /* Contacts.framework */ = {isa = PBXFileReference; lastKnownFileType = wrapper.framework; name = Contacts.framework; path = System/Library/Frameworks/Contacts.framework; sourceTree = SDKROOT; };
		63B8F2C01BAE656C00C4C9C8 /* ContactsApp-Bridging-Header.h */ = {isa = PBXFileReference; lastKnownFileType = sourcecode.c.h; path = "ContactsApp-Bridging-Header.h"; sourceTree = "<group>"; };
		AA2163061BAD9D63000AA4B4 /* ContactsApp.app */ = {isa = PBXFileReference; explicitFileType = wrapper.application; includeInIndex = 0; path = ContactsApp.app; sourceTree = BUILT_PRODUCTS_DIR; };
		AA2163091BAD9D63000AA4B4 /* AppDelegate.swift */ = {isa = PBXFileReference; lastKnownFileType = sourcecode.swift; path = AppDelegate.swift; sourceTree = "<group>"; };
		AA21630B1BAD9D63000AA4B4 /* ViewController.swift */ = {isa = PBXFileReference; lastKnownFileType = sourcecode.swift; path = ViewController.swift; sourceTree = "<group>"; };
		AA2163101BAD9D63000AA4B4 /* Assets.xcassets */ = {isa = PBXFileReference; lastKnownFileType = folder.assetcatalog; path = Assets.xcassets; sourceTree = "<group>"; };
		AA2163131BAD9D63000AA4B4 /* Base */ = {isa = PBXFileReference; lastKnownFileType = file.storyboard; name = Base; path = Base.lproj/LaunchScreen.storyboard; sourceTree = "<group>"; };
		AA2163151BAD9D63000AA4B4 /* Info.plist */ = {isa = PBXFileReference; lastKnownFileType = text.plist.xml; path = Info.plist; sourceTree = "<group>"; };
		AA21631B1BAD9DB4000AA4B4 /* LocationManager.swift */ = {isa = PBXFileReference; fileEncoding = 4; lastKnownFileType = sourcecode.swift; path = LocationManager.swift; sourceTree = "<group>"; };
		AA6395601BADC43600A60AB4 /* ContactCardViewController.swift */ = {isa = PBXFileReference; fileEncoding = 4; lastKnownFileType = sourcecode.swift; path = ContactCardViewController.swift; sourceTree = "<group>"; };
		AA6395671BADD83000A60AB4 /* ContactManager.swift */ = {isa = PBXFileReference; fileEncoding = 4; lastKnownFileType = sourcecode.swift; path = ContactManager.swift; sourceTree = "<group>"; };
		AA6395691BAE47F700A60AB4 /* BackgroundMapViewController.swift */ = {isa = PBXFileReference; fileEncoding = 4; lastKnownFileType = sourcecode.swift; path = BackgroundMapViewController.swift; sourceTree = "<group>"; };
		AB12D186D9C9CB8CB6BE6E3A /* Pods-ContactsApp.debug.xcconfig */ = {isa = PBXFileReference; includeInIndex = 1; lastKnownFileType = text.xcconfig; name = "Pods-ContactsApp.debug.xcconfig"; path = "Pods/Target Support Files/Pods-ContactsApp/Pods-ContactsApp.debug.xcconfig"; sourceTree = "<group>"; };
		BC0CB2981BC5567607E93EAD /* Pods-ContactsApp.release.xcconfig */ = {isa = PBXFileReference; includeInIndex = 1; lastKnownFileType = text.xcconfig; name = "Pods-ContactsApp.release.xcconfig"; path = "Pods/Target Support Files/Pods-ContactsApp/Pods-ContactsApp.release.xcconfig"; sourceTree = "<group>"; };
		D0C87116621BE36DE3667B69 /* libPods-Contacts.a */ = {isa = PBXFileReference; explicitFileType = archive.ar; includeInIndex = 0; path = "libPods-Contacts.a"; sourceTree = BUILT_PRODUCTS_DIR; };
/* End PBXFileReference section */

/* Begin PBXFrameworksBuildPhase section */
		AA2163031BAD9D63000AA4B4 /* Frameworks */ = {
			isa = PBXFrameworksBuildPhase;
			buildActionMask = 2147483647;
			files = (
				63B8F2BA1BAE643400C4C9C8 /* Contacts.framework in Frameworks */,
				5C2343C3CD7EAA9C9EF1F2F3 /* libPods-ContactsApp.a in Frameworks */,
			);
			runOnlyForDeploymentPostprocessing = 0;
		};
/* End PBXFrameworksBuildPhase section */

/* Begin PBXGroup section */
		9706B0D8E63A5161EFCB2343 /* Pods */ = {
			isa = PBXGroup;
			children = (
				AB12D186D9C9CB8CB6BE6E3A /* Pods-ContactsApp.debug.xcconfig */,
				BC0CB2981BC5567607E93EAD /* Pods-ContactsApp.release.xcconfig */,
			);
			name = Pods;
			sourceTree = "<group>";
		};
		AA2162FD1BAD9D63000AA4B4 = {
			isa = PBXGroup;
			children = (
				AA2163081BAD9D63000AA4B4 /* Contacts */,
				AA2163071BAD9D63000AA4B4 /* Products */,
				FF8B85BEE3C0999CD21B135E /* Frameworks */,
				9706B0D8E63A5161EFCB2343 /* Pods */,
			);
			sourceTree = "<group>";
		};
		AA2163071BAD9D63000AA4B4 /* Products */ = {
			isa = PBXGroup;
			children = (
				AA2163061BAD9D63000AA4B4 /* ContactsApp.app */,
			);
			name = Products;
			sourceTree = "<group>";
		};
		AA2163081BAD9D63000AA4B4 /* Contacts */ = {
			isa = PBXGroup;
			children = (
				AA6395661BADD7E500A60AB4 /* Supporting Files */,
				AA6395651BADD7D800A60AB4 /* Data Managers */,
				AA6395641BADD7C100A60AB4 /* View Controllers */,
			);
			path = Contacts;
			sourceTree = "<group>";
		};
		AA6395641BADD7C100A60AB4 /* View Controllers */ = {
			isa = PBXGroup;
			children = (
				AA21630B1BAD9D63000AA4B4 /* ViewController.swift */,
				6320E91E1BAE3AB400029B8A /* AvatarTableViewCell.swift */,
				6320E9251BAE5FF700029B8A /* DisplayContactViewController.swift */,
				AA6395601BADC43600A60AB4 /* ContactCardViewController.swift */,
				AA6395691BAE47F700A60AB4 /* BackgroundMapViewController.swift */,
			);
			name = "View Controllers";
			sourceTree = "<group>";
		};
		AA6395651BADD7D800A60AB4 /* Data Managers */ = {
			isa = PBXGroup;
			children = (
				AA21631B1BAD9DB4000AA4B4 /* LocationManager.swift */,
				AA6395671BADD83000A60AB4 /* ContactManager.swift */,
			);
			name = "Data Managers";
			sourceTree = "<group>";
		};
		AA6395661BADD7E500A60AB4 /* Supporting Files */ = {
			isa = PBXGroup;
			children = (
				63B8F2C01BAE656C00C4C9C8 /* ContactsApp-Bridging-Header.h */,
				AA2163091BAD9D63000AA4B4 /* AppDelegate.swift */,
				AA2163101BAD9D63000AA4B4 /* Assets.xcassets */,
				AA2163121BAD9D63000AA4B4 /* LaunchScreen.storyboard */,
				AA2163151BAD9D63000AA4B4 /* Info.plist */,
			);
			name = "Supporting Files";
			sourceTree = "<group>";
		};
		FF8B85BEE3C0999CD21B135E /* Frameworks */ = {
			isa = PBXGroup;
			children = (
				63B8F2B91BAE643400C4C9C8 /* Contacts.framework */,
				D0C87116621BE36DE3667B69 /* libPods-Contacts.a */,
				03920FF9ECA678D846712B34 /* libPods-ContactsApp.a */,
			);
			name = Frameworks;
			sourceTree = "<group>";
		};
/* End PBXGroup section */

/* Begin PBXNativeTarget section */
		AA2163051BAD9D63000AA4B4 /* ContactsApp */ = {
			isa = PBXNativeTarget;
			buildConfigurationList = AA2163181BAD9D63000AA4B4 /* Build configuration list for PBXNativeTarget "ContactsApp" */;
			buildPhases = (
				4C4DDF3A36DAF64A0A5C023C /* Check Pods Manifest.lock */,
				AA2163021BAD9D63000AA4B4 /* Sources */,
				AA2163031BAD9D63000AA4B4 /* Frameworks */,
				AA2163041BAD9D63000AA4B4 /* Resources */,
				A42FC1F2E156039F5F7417E8 /* Copy Pods Resources */,
			);
			buildRules = (
			);
			dependencies = (
			);
			name = ContactsApp;
			productName = Contacts;
			productReference = AA2163061BAD9D63000AA4B4 /* ContactsApp.app */;
			productType = "com.apple.product-type.application";
		};
/* End PBXNativeTarget section */

/* Begin PBXProject section */
		AA2162FE1BAD9D63000AA4B4 /* Project object */ = {
			isa = PBXProject;
			attributes = {
				LastSwiftUpdateCheck = 0700;
				LastUpgradeCheck = 0700;
				ORGANIZATIONNAME = "Rajul Arora";
				TargetAttributes = {
					AA2163051BAD9D63000AA4B4 = {
						CreatedOnToolsVersion = 7.0;
					};
				};
			};
			buildConfigurationList = AA2163011BAD9D63000AA4B4 /* Build configuration list for PBXProject "ContactsApp" */;
			compatibilityVersion = "Xcode 3.2";
			developmentRegion = English;
			hasScannedForEncodings = 0;
			knownRegions = (
				en,
				Base,
			);
			mainGroup = AA2162FD1BAD9D63000AA4B4;
			productRefGroup = AA2163071BAD9D63000AA4B4 /* Products */;
			projectDirPath = "";
			projectRoot = "";
			targets = (
				AA2163051BAD9D63000AA4B4 /* ContactsApp */,
			);
		};
/* End PBXProject section */

/* Begin PBXResourcesBuildPhase section */
		AA2163041BAD9D63000AA4B4 /* Resources */ = {
			isa = PBXResourcesBuildPhase;
			buildActionMask = 2147483647;
			files = (
				AA2163141BAD9D63000AA4B4 /* LaunchScreen.storyboard in Resources */,
				AA2163111BAD9D63000AA4B4 /* Assets.xcassets in Resources */,
			);
			runOnlyForDeploymentPostprocessing = 0;
		};
/* End PBXResourcesBuildPhase section */

/* Begin PBXShellScriptBuildPhase section */
		4C4DDF3A36DAF64A0A5C023C /* Check Pods Manifest.lock */ = {
			isa = PBXShellScriptBuildPhase;
			buildActionMask = 2147483647;
			files = (
			);
			inputPaths = (
			);
			name = "Check Pods Manifest.lock";
			outputPaths = (
			);
			runOnlyForDeploymentPostprocessing = 0;
			shellPath = /bin/sh;
			shellScript = "diff \"${PODS_ROOT}/../Podfile.lock\" \"${PODS_ROOT}/Manifest.lock\" > /dev/null\nif [[ $? != 0 ]] ; then\n    cat << EOM\nerror: The sandbox is not in sync with the Podfile.lock. Run 'pod install' or update your CocoaPods installation.\nEOM\n    exit 1\nfi\n";
			showEnvVarsInLog = 0;
		};
		A42FC1F2E156039F5F7417E8 /* Copy Pods Resources */ = {
			isa = PBXShellScriptBuildPhase;
			buildActionMask = 2147483647;
			files = (
			);
			inputPaths = (
			);
			name = "Copy Pods Resources";
			outputPaths = (
			);
			runOnlyForDeploymentPostprocessing = 0;
			shellPath = /bin/sh;
			shellScript = "\"${SRCROOT}/Pods/Target Support Files/Pods-ContactsApp/Pods-ContactsApp-resources.sh\"\n";
			showEnvVarsInLog = 0;
		};
/* End PBXShellScriptBuildPhase section */

/* Begin PBXSourcesBuildPhase section */
		AA2163021BAD9D63000AA4B4 /* Sources */ = {
			isa = PBXSourcesBuildPhase;
			buildActionMask = 2147483647;
			files = (
				6320E91F1BAE3AB400029B8A /* AvatarTableViewCell.swift in Sources */,
				AA6395681BADD83000A60AB4 /* ContactManager.swift in Sources */,
				AA6395611BADC43600A60AB4 /* ContactCardViewController.swift in Sources */,
				AA63956A1BAE47F700A60AB4 /* BackgroundMapViewController.swift in Sources */,
				AA21630C1BAD9D63000AA4B4 /* ViewController.swift in Sources */,
				AA21630A1BAD9D63000AA4B4 /* AppDelegate.swift in Sources */,
				6320E9261BAE5FF700029B8A /* DisplayContactViewController.swift in Sources */,
				AA21631C1BAD9DB4000AA4B4 /* LocationManager.swift in Sources */,
			);
			runOnlyForDeploymentPostprocessing = 0;
		};
/* End PBXSourcesBuildPhase section */

/* Begin PBXVariantGroup section */
		AA2163121BAD9D63000AA4B4 /* LaunchScreen.storyboard */ = {
			isa = PBXVariantGroup;
			children = (
				AA2163131BAD9D63000AA4B4 /* Base */,
			);
			name = LaunchScreen.storyboard;
			sourceTree = "<group>";
		};
/* End PBXVariantGroup section */

/* Begin XCBuildConfiguration section */
		AA2163161BAD9D63000AA4B4 /* Debug */ = {
			isa = XCBuildConfiguration;
			buildSettings = {
				ALWAYS_SEARCH_USER_PATHS = NO;
				CLANG_CXX_LANGUAGE_STANDARD = "gnu++0x";
				CLANG_CXX_LIBRARY = "libc++";
				CLANG_ENABLE_MODULES = YES;
				CLANG_ENABLE_OBJC_ARC = YES;
				CLANG_WARN_BOOL_CONVERSION = YES;
				CLANG_WARN_CONSTANT_CONVERSION = YES;
				CLANG_WARN_DIRECT_OBJC_ISA_USAGE = YES_ERROR;
				CLANG_WARN_EMPTY_BODY = YES;
				CLANG_WARN_ENUM_CONVERSION = YES;
				CLANG_WARN_INT_CONVERSION = YES;
				CLANG_WARN_OBJC_ROOT_CLASS = YES_ERROR;
				CLANG_WARN_UNREACHABLE_CODE = YES;
				CLANG_WARN__DUPLICATE_METHOD_MATCH = YES;
				"CODE_SIGN_IDENTITY[sdk=iphoneos*]" = "iPhone Developer";
				COPY_PHASE_STRIP = NO;
				DEBUG_INFORMATION_FORMAT = dwarf;
				ENABLE_STRICT_OBJC_MSGSEND = YES;
				ENABLE_TESTABILITY = YES;
				GCC_C_LANGUAGE_STANDARD = gnu99;
				GCC_DYNAMIC_NO_PIC = NO;
				GCC_NO_COMMON_BLOCKS = YES;
				GCC_OPTIMIZATION_LEVEL = 0;
				GCC_PREPROCESSOR_DEFINITIONS = (
					"DEBUG=1",
					"$(inherited)",
				);
				GCC_WARN_64_TO_32_BIT_CONVERSION = YES;
				GCC_WARN_ABOUT_RETURN_TYPE = YES_ERROR;
				GCC_WARN_UNDECLARED_SELECTOR = YES;
				GCC_WARN_UNINITIALIZED_AUTOS = YES_AGGRESSIVE;
				GCC_WARN_UNUSED_FUNCTION = YES;
				GCC_WARN_UNUSED_VARIABLE = YES;
				IPHONEOS_DEPLOYMENT_TARGET = 9.0;
				MTL_ENABLE_DEBUG_INFO = YES;
				ONLY_ACTIVE_ARCH = YES;
				SDKROOT = iphoneos;
				SWIFT_OPTIMIZATION_LEVEL = "-Onone";
				TARGETED_DEVICE_FAMILY = "1,2";
			};
			name = Debug;
		};
		AA2163171BAD9D63000AA4B4 /* Release */ = {
			isa = XCBuildConfiguration;
			buildSettings = {
				ALWAYS_SEARCH_USER_PATHS = NO;
				CLANG_CXX_LANGUAGE_STANDARD = "gnu++0x";
				CLANG_CXX_LIBRARY = "libc++";
				CLANG_ENABLE_MODULES = YES;
				CLANG_ENABLE_OBJC_ARC = YES;
				CLANG_WARN_BOOL_CONVERSION = YES;
				CLANG_WARN_CONSTANT_CONVERSION = YES;
				CLANG_WARN_DIRECT_OBJC_ISA_USAGE = YES_ERROR;
				CLANG_WARN_EMPTY_BODY = YES;
				CLANG_WARN_ENUM_CONVERSION = YES;
				CLANG_WARN_INT_CONVERSION = YES;
				CLANG_WARN_OBJC_ROOT_CLASS = YES_ERROR;
				CLANG_WARN_UNREACHABLE_CODE = YES;
				CLANG_WARN__DUPLICATE_METHOD_MATCH = YES;
				"CODE_SIGN_IDENTITY[sdk=iphoneos*]" = "iPhone Developer";
				COPY_PHASE_STRIP = NO;
				DEBUG_INFORMATION_FORMAT = "dwarf-with-dsym";
				ENABLE_NS_ASSERTIONS = NO;
				ENABLE_STRICT_OBJC_MSGSEND = YES;
				GCC_C_LANGUAGE_STANDARD = gnu99;
				GCC_NO_COMMON_BLOCKS = YES;
				GCC_WARN_64_TO_32_BIT_CONVERSION = YES;
				GCC_WARN_ABOUT_RETURN_TYPE = YES_ERROR;
				GCC_WARN_UNDECLARED_SELECTOR = YES;
				GCC_WARN_UNINITIALIZED_AUTOS = YES_AGGRESSIVE;
				GCC_WARN_UNUSED_FUNCTION = YES;
				GCC_WARN_UNUSED_VARIABLE = YES;
				IPHONEOS_DEPLOYMENT_TARGET = 9.0;
				MTL_ENABLE_DEBUG_INFO = NO;
				SDKROOT = iphoneos;
				TARGETED_DEVICE_FAMILY = "1,2";
				VALIDATE_PRODUCT = YES;
			};
			name = Release;
		};
		AA2163191BAD9D63000AA4B4 /* Debug */ = {
			isa = XCBuildConfiguration;
			baseConfigurationReference = AB12D186D9C9CB8CB6BE6E3A /* Pods-ContactsApp.debug.xcconfig */;
			buildSettings = {
				ASSETCATALOG_COMPILER_APPICON_NAME = AppIcon;
				CLANG_ENABLE_MODULES = YES;
				CODE_SIGN_IDENTITY = "iPhone Developer";
				"CODE_SIGN_IDENTITY[sdk=iphoneos*]" = "iPhone Developer";
				DEFINES_MODULE = YES;
				ENABLE_BITCODE = NO;
				INFOPLIST_FILE = Contacts/Info.plist;
				LD_RUNPATH_SEARCH_PATHS = "$(inherited) @executable_path/Frameworks";
				PRODUCT_BUNDLE_IDENTIFIER = rajularora.Contacts;
				PRODUCT_NAME = ContactsApp;
				PROVISIONING_PROFILE = "";
				SWIFT_OBJC_BRIDGING_HEADER = "Contacts/ContactsApp-Bridging-Header.h";
				SWIFT_OPTIMIZATION_LEVEL = "-Onone";
			};
			name = Debug;
		};
		AA21631A1BAD9D63000AA4B4 /* Release */ = {
			isa = XCBuildConfiguration;
			baseConfigurationReference = BC0CB2981BC5567607E93EAD /* Pods-ContactsApp.release.xcconfig */;
			buildSettings = {
				ASSETCATALOG_COMPILER_APPICON_NAME = AppIcon;
				CLANG_ENABLE_MODULES = YES;
				CODE_SIGN_IDENTITY = "iPhone Developer";
				"CODE_SIGN_IDENTITY[sdk=iphoneos*]" = "iPhone Developer";
				DEFINES_MODULE = YES;
				ENABLE_BITCODE = NO;
				INFOPLIST_FILE = Contacts/Info.plist;
				LD_RUNPATH_SEARCH_PATHS = "$(inherited) @executable_path/Frameworks";
				PRODUCT_BUNDLE_IDENTIFIER = rajularora.Contacts;
				PRODUCT_NAME = ContactsApp;
				PROVISIONING_PROFILE = "";
				SWIFT_OBJC_BRIDGING_HEADER = "Contacts/ContactsApp-Bridging-Header.h";
			};
			name = Release;
		};
/* End XCBuildConfiguration section */

/* Begin XCConfigurationList section */
		AA2163011BAD9D63000AA4B4 /* Build configuration list for PBXProject "ContactsApp" */ = {
			isa = XCConfigurationList;
			buildConfigurations = (
				AA2163161BAD9D63000AA4B4 /* Debug */,
				AA2163171BAD9D63000AA4B4 /* Release */,
			);
			defaultConfigurationIsVisible = 0;
			defaultConfigurationName = Release;
		};
		AA2163181BAD9D63000AA4B4 /* Build configuration list for PBXNativeTarget "ContactsApp" */ = {
			isa = XCConfigurationList;
			buildConfigurations = (
				AA2163191BAD9D63000AA4B4 /* Debug */,
				AA21631A1BAD9D63000AA4B4 /* Release */,
			);
			defaultConfigurationIsVisible = 0;
			defaultConfigurationName = Release;
		};
/* End XCConfigurationList section */
	};
	rootObject = AA2162FE1BAD9D63000AA4B4 /* Project object */;
}
