PODS:
  - AFNetworking (2.6.0):
    - AFNetworking/NSURLConnection (= 2.6.0)
    - AFNetworking/NSURLSession (= 2.6.0)
    - AFNetworking/Reachability (= 2.6.0)
    - AFNetworking/Security (= 2.6.0)
    - AFNetworking/Serialization (= 2.6.0)
    - AFNetworking/UIKit (= 2.6.0)
  - AFNetworking/NSURLConnection (2.6.0):
    - AFNetworking/Reachability
    - AFNetworking/Security
    - AFNetworking/Serialization
  - AFNetworking/NSURLSession (2.6.0):
    - AFNetworking/Reachability
    - AFNetworking/Security
    - AFNetworking/Serialization
  - AFNetworking/Reachability (2.6.0)
  - AFNetworking/Security (2.6.0)
  - AFNetworking/Serialization (2.6.0)
  - AFNetworking/UIKit (2.6.0):
    - AFNetworking/NSURLConnection
    - AFNetworking/NSURLSession
  - Firebase (2.3.3)
  - GeoFire (1.1.2):
    - Firebase (~> 2.2)
  - MZAppearance (1.1.5)
  - MZFormSheetController (3.1.0):
    - MZAppearance
    - MZFormSheetController/Core (= 3.1.0)
  - MZFormSheetController/Core (3.1.0):
    - MZAppearance

DEPENDENCIES:
  - AFNetworking
  - GeoFire (>= 1.1)
  - MZFormSheetController

SPEC CHECKSUMS:
  AFNetworking: 79f7eb1a0fcfa7beb409332b2ca49afe9ce53b05
  Firebase: 2db60272f68ce40c7d47e5ae6eddc16977c65d4c
  GeoFire: 03db4e390a4cf3ff97422f19eb71ab1aa7d947dd
  MZAppearance: 6e9dc64e42074c0a19812a327f590746c3283bab
  MZFormSheetController: a29e904f8832bcaa08a9751106e10beb4df751df

COCOAPODS: 0.38.2
